{
  "name": "ngapp",
  "version": "1.0.0",
  "lockfileVersion": 1,
  "requires": true,
  "dependencies": {
    "@angular/common": {
      "version": "7.2.2",
      "resolved": "http://npmjs.pik.ru/@angular%2fcommon/-/common-7.2.2.tgz",
      "integrity": "sha512-43EcR3mbM+dKH4VE1EYS1HxSuEToxxv5XPktKqdzY95g8PBOxe11ifcXoYHgImd7YOWzcKoy0k6yQbX3o0cZ8g==",
      "requires": {
        "tslib": "1.9.3"
      }
    },
    "@angular/compiler": {
      "version": "7.2.2",
      "resolved": "http://npmjs.pik.ru/@angular%2fcompiler/-/compiler-7.2.2.tgz",
      "integrity": "sha512-vjPreOVPca6HSuDmj7N1w5u8hwXdm98gEPo2wqQMVuJd6qvGEyLYE9FsHc0XCchyQEKSybAYl1dwsjZq2nNSvQ==",
      "requires": {
        "tslib": "1.9.3"
      }
    },
    "@angular/core": {
      "version": "7.2.2",
      "resolved": "http://npmjs.pik.ru/@angular%2fcore/-/core-7.2.2.tgz",
      "integrity": "sha512-kQ0HxUYAPvly8b3aibTGbiodFnBBgo3asXAQuPgFjYYEqcKR1zZII7PQdaEF9kb9sfm/IKLKj4nd9fZ0gcgqZg==",
      "requires": {
        "tslib": "1.9.3"
      }
    },
    "@angular/platform-browser": {
      "version": "7.2.2",
      "resolved": "http://npmjs.pik.ru/@angular%2fplatform-browser/-/platform-browser-7.2.2.tgz",
      "integrity": "sha512-eiaqHq26PVASx1kTngBDkFkXhaJzEjoGtc5I+wQUef8CUjq6ZViWz8tUgiiDPOWdqUKUacRZG4q6VR/6uwQj0A==",
      "requires": {
        "tslib": "1.9.3"
      }
    },
    "@angular/platform-browser-dynamic": {
      "version": "7.2.2",
      "resolved": "http://npmjs.pik.ru/@angular%2fplatform-browser-dynamic/-/platform-browser-dynamic-7.2.2.tgz",
      "integrity": "sha512-bw5PuzMzjKMecB4slG/btmvxgn4qFWhNmJVpf2pbtZW7NtZz3HlrqipYzMk9XrCUDGjtwy7O2Z71C3ujI748iw==",
      "requires": {
        "tslib": "1.9.3"
      }
    },
    "core-js": {
      "version": "2.6.3",
      "resolved": "http://npmjs.pik.ru/core-js/-/core-js-2.6.3.tgz",
      "integrity": "sha512-l00tmFFZOBHtYhN4Cz7k32VM7vTn3rE2ANjQDxdEN6zmXZ/xq1jQuutnmHvMG1ZJ7xd72+TA5YpUK8wz3rWsfQ=="
    },
    "rxjs": {
      "version": "6.3.3",
      "resolved": "http://npmjs.pik.ru/rxjs/-/rxjs-6.3.3.tgz",
      "integrity": "sha512-JTWmoY9tWCs7zvIk/CvRjhjGaOd+OVBM987mxFo+OW66cGpdKjZcpmc74ES1sB//7Kl/PAe8+wEakuhG4pcgOw==",
      "requires": {
        "tslib": "1.9.3"
      }
    },
    "tslib": {
      "version": "1.9.3",
      "resolved": "http://npmjs.pik.ru/tslib/-/tslib-1.9.3.tgz",
      "integrity": "sha512-4krF8scpejhaOgqzBEcGM7yDIEfi0/8+8zDRZhNZZ2kjmHJ4hv3zCbQWxoJGz1iw5U0Jl0nma13xzHXcncMavQ=="
    },
    "typescript": {
      "version": "3.2.4",
      "resolved": "http://npmjs.pik.ru/typescript/-/typescript-3.2.4.tgz",
      "integrity": "sha512-0RNDbSdEokBeEAkgNbxJ+BLwSManFy9TeXz8uW+48j/xhEXv1ePME60olyzw2XzUqUBNAYFeJadIqAgNqIACwg==",
      "dev": true
    },
    "zone.js": {
      "version": "0.8.29",
      "resolved": "http://npmjs.pik.ru/zone.js/-/zone.js-0.8.29.tgz",
      "integrity": "sha512-mla2acNCMkWXBD+c+yeUrBUrzOxYMNFdQ6FGfigGGtEVBPJx07BQeJekjt9DmH1FtZek4E9rE1eRR9qQpxACOQ=="
    }
  }
}
